
Microsoft Visual Studio Solution File, Format Version 12.00
# Visual Studio Version 17
VisualStudioVersion = 17.14.36310.24
MinimumVisualStudioVersion = 10.0.40219.1
Project("{FAE04EC0-301F-11D3-BF4B-00C04F79EFBC}") = "BasicThreadSyntax", "BasicThreadSyntax\BasicThreadSyntax.csproj", "{E6EC297E-A26D-4BB5-907D-E4E639AD6FCC}"
EndProject
Project("{FAE04EC0-301F-11D3-BF4B-00C04F79EFBC}") = "DivideAndConquer", "DivideAndConquer\DivideAndConquer.csproj", "{6FAC5381-D41F-469B-A461-3C6A4769590B}"
EndProject
Project("{FAE04EC0-301F-11D3-BF4B-00C04F79EFBC}") = "OffloadingLongRunningTask", "OffloadingLongRunningTask\OffloadingLongRunningTask.csproj", "{A00C13D9-E223-45E6-B6C4-9F58E5F639EC}"
EndProject
Project("{FAE04EC0-301F-11D3-BF4B-00C04F79EFBC}") = "Assignment1_SIM_WebServer", "Assignment1_SIM_WebServer\Assignment1_SIM_WebServer.csproj", "{E30B25F9-5FB6-4749-924E-4C24CD30EF68}"
EndProject
Project("{FAE04EC0-301F-11D3-BF4B-00C04F79EFBC}") = "ThreadsSynchronizationOverview", "ThreadsSynchronizationOverview\ThreadsSynchronizationOverview.csproj", "{64A2F43B-5906-4D74-A180-D7F87BD89352}"
EndProject
Project("{FAE04EC0-301F-11D3-BF4B-00C04F79EFBC}") = "ThreadSynchronizaitonPractice_Lock", "ThreadSynchronizaitonPractice_Lock\ThreadSynchronizaitonPractice_Lock.csproj", "{02312CCF-D1BD-4D59-A2FE-186ECCC1A137}"
EndProject
Project("{FAE04EC0-301F-11D3-BF4B-00C04F79EFBC}") = "FlightSeatBookingSim", "FlightSeatBookingSim\FlightSeatBookingSim.csproj", "{2BD8B9E8-28B7-41EB-911C-E4F05FEDCA43}"
EndProject
Project("{FAE04EC0-301F-11D3-BF4B-00C04F79EFBC}") = "MutexBasicPractice", "MutexBasicPractice\MutexBasicPractice.csproj", "{DC594C4F-19E0-43A5-BD15-367A17F682C9}"
EndProject
Project("{FAE04EC0-301F-11D3-BF4B-00C04F79EFBC}") = "ReaderAndWriterLockOverview", "ReaderAndWriterLockOverview\ReaderAndWriterLockOverview.csproj", "{CCF601A6-A02B-443C-B5F7-A78FFFE20FE8}"
EndProject
Project("{FAE04EC0-301F-11D3-BF4B-00C04F79EFBC}") = "AutoResetEventOverview", "AutoResetEventOverview\AutoResetEventOverview.csproj", "{13505630-0E07-4CB9-A9A5-0E32AAE5CB4B}"
EndProject
Project("{FAE04EC0-301F-11D3-BF4B-00C04F79EFBC}") = "ManualResetEventOverview", "ManualResetEventOverview\ManualResetEventOverview.csproj", "{2CBE712F-6B86-4D58-AAB5-472D419B296F}"
EndProject
Project("{FAE04EC0-301F-11D3-BF4B-00C04F79EFBC}") = "PigFeed_ManualResetEventPractice", "PigFeed_ManualResetEventPractice\PigFeed_ManualResetEventPractice.csproj", "{10EE663A-B40D-4DD5-B10E-8888CAE58277}"
EndProject
Project("{FAE04EC0-301F-11D3-BF4B-00C04F79EFBC}") = "HandlingExceptionsInWorkerThreads", "HandlingExceptionsInWorkerThreads\HandlingExceptionsInWorkerThreads.csproj", "{049784D7-1789-4ADD-870C-60E52C76A3B9}"
EndProject
Project("{FAE04EC0-301F-11D3-BF4B-00C04F79EFBC}") = "TaskBasicSyntax", "TaskBasicSyntax\TaskBasicSyntax.csproj", "{4E16F85E-64D4-49E9-8C50-C03661E3AF47}"
EndProject
Project("{FAE04EC0-301F-11D3-BF4B-00C04F79EFBC}") = "TaskContinuationOverview", "TaskContinuationOverview\TaskContinuationOverview.csproj", "{F8BF2D76-8D0B-46A1-85BC-A3DF28518156}"
EndProject
Project("{FAE04EC0-301F-11D3-BF4B-00C04F79EFBC}") = "ContinuationWithWhenAllAndWhenAny", "ContinuationWithWhenAllAndWhenAny\ContinuationWithWhenAllAndWhenAny.csproj", "{253FE60A-C052-4DB2-B6C9-918AEF28D3F3}"
EndProject
Global
	GlobalSection(SolutionConfigurationPlatforms) = preSolution
		Debug|Any CPU = Debug|Any CPU
		Release|Any CPU = Release|Any CPU
	EndGlobalSection
	GlobalSection(ProjectConfigurationPlatforms) = postSolution
		{E6EC297E-A26D-4BB5-907D-E4E639AD6FCC}.Debug|Any CPU.ActiveCfg = Debug|Any CPU
		{E6EC297E-A26D-4BB5-907D-E4E639AD6FCC}.Debug|Any CPU.Build.0 = Debug|Any CPU
		{E6EC297E-A26D-4BB5-907D-E4E639AD6FCC}.Release|Any CPU.ActiveCfg = Release|Any CPU
		{E6EC297E-A26D-4BB5-907D-E4E639AD6FCC}.Release|Any CPU.Build.0 = Release|Any CPU
		{6FAC5381-D41F-469B-A461-3C6A4769590B}.Debug|Any CPU.ActiveCfg = Debug|Any CPU
		{6FAC5381-D41F-469B-A461-3C6A4769590B}.Debug|Any CPU.Build.0 = Debug|Any CPU
		{6FAC5381-D41F-469B-A461-3C6A4769590B}.Release|Any CPU.ActiveCfg = Release|Any CPU
		{6FAC5381-D41F-469B-A461-3C6A4769590B}.Release|Any CPU.Build.0 = Release|Any CPU
		{A00C13D9-E223-45E6-B6C4-9F58E5F639EC}.Debug|Any CPU.ActiveCfg = Debug|Any CPU
		{A00C13D9-E223-45E6-B6C4-9F58E5F639EC}.Debug|Any CPU.Build.0 = Debug|Any CPU
		{A00C13D9-E223-45E6-B6C4-9F58E5F639EC}.Release|Any CPU.ActiveCfg = Release|Any CPU
		{A00C13D9-E223-45E6-B6C4-9F58E5F639EC}.Release|Any CPU.Build.0 = Release|Any CPU
		{E30B25F9-5FB6-4749-924E-4C24CD30EF68}.Debug|Any CPU.ActiveCfg = Debug|Any CPU
		{E30B25F9-5FB6-4749-924E-4C24CD30EF68}.Debug|Any CPU.Build.0 = Debug|Any CPU
		{E30B25F9-5FB6-4749-924E-4C24CD30EF68}.Release|Any CPU.ActiveCfg = Release|Any CPU
		{E30B25F9-5FB6-4749-924E-4C24CD30EF68}.Release|Any CPU.Build.0 = Release|Any CPU
		{64A2F43B-5906-4D74-A180-D7F87BD89352}.Debug|Any CPU.ActiveCfg = Debug|Any CPU
		{64A2F43B-5906-4D74-A180-D7F87BD89352}.Debug|Any CPU.Build.0 = Debug|Any CPU
		{64A2F43B-5906-4D74-A180-D7F87BD89352}.Release|Any CPU.ActiveCfg = Release|Any CPU
		{64A2F43B-5906-4D74-A180-D7F87BD89352}.Release|Any CPU.Build.0 = Release|Any CPU
		{02312CCF-D1BD-4D59-A2FE-186ECCC1A137}.Debug|Any CPU.ActiveCfg = Debug|Any CPU
		{02312CCF-D1BD-4D59-A2FE-186ECCC1A137}.Debug|Any CPU.Build.0 = Debug|Any CPU
		{02312CCF-D1BD-4D59-A2FE-186ECCC1A137}.Release|Any CPU.ActiveCfg = Release|Any CPU
		{02312CCF-D1BD-4D59-A2FE-186ECCC1A137}.Release|Any CPU.Build.0 = Release|Any CPU
		{2BD8B9E8-28B7-41EB-911C-E4F05FEDCA43}.Debug|Any CPU.ActiveCfg = Debug|Any CPU
		{2BD8B9E8-28B7-41EB-911C-E4F05FEDCA43}.Debug|Any CPU.Build.0 = Debug|Any CPU
		{2BD8B9E8-28B7-41EB-911C-E4F05FEDCA43}.Release|Any CPU.ActiveCfg = Release|Any CPU
		{2BD8B9E8-28B7-41EB-911C-E4F05FEDCA43}.Release|Any CPU.Build.0 = Release|Any CPU
		{DC594C4F-19E0-43A5-BD15-367A17F682C9}.Debug|Any CPU.ActiveCfg = Debug|Any CPU
		{DC594C4F-19E0-43A5-BD15-367A17F682C9}.Debug|Any CPU.Build.0 = Debug|Any CPU
		{DC594C4F-19E0-43A5-BD15-367A17F682C9}.Release|Any CPU.ActiveCfg = Release|Any CPU
		{DC594C4F-19E0-43A5-BD15-367A17F682C9}.Release|Any CPU.Build.0 = Release|Any CPU
		{CCF601A6-A02B-443C-B5F7-A78FFFE20FE8}.Debug|Any CPU.ActiveCfg = Debug|Any CPU
		{CCF601A6-A02B-443C-B5F7-A78FFFE20FE8}.Debug|Any CPU.Build.0 = Debug|Any CPU
		{CCF601A6-A02B-443C-B5F7-A78FFFE20FE8}.Release|Any CPU.ActiveCfg = Release|Any CPU
		{CCF601A6-A02B-443C-B5F7-A78FFFE20FE8}.Release|Any CPU.Build.0 = Release|Any CPU
		{13505630-0E07-4CB9-A9A5-0E32AAE5CB4B}.Debug|Any CPU.ActiveCfg = Debug|Any CPU
		{13505630-0E07-4CB9-A9A5-0E32AAE5CB4B}.Debug|Any CPU.Build.0 = Debug|Any CPU
		{13505630-0E07-4CB9-A9A5-0E32AAE5CB4B}.Release|Any CPU.ActiveCfg = Release|Any CPU
		{13505630-0E07-4CB9-A9A5-0E32AAE5CB4B}.Release|Any CPU.Build.0 = Release|Any CPU
		{2CBE712F-6B86-4D58-AAB5-472D419B296F}.Debug|Any CPU.ActiveCfg = Debug|Any CPU
		{2CBE712F-6B86-4D58-AAB5-472D419B296F}.Debug|Any CPU.Build.0 = Debug|Any CPU
		{2CBE712F-6B86-4D58-AAB5-472D419B296F}.Release|Any CPU.ActiveCfg = Release|Any CPU
		{2CBE712F-6B86-4D58-AAB5-472D419B296F}.Release|Any CPU.Build.0 = Release|Any CPU
		{10EE663A-B40D-4DD5-B10E-8888CAE58277}.Debug|Any CPU.ActiveCfg = Debug|Any CPU
		{10EE663A-B40D-4DD5-B10E-8888CAE58277}.Debug|Any CPU.Build.0 = Debug|Any CPU
		{10EE663A-B40D-4DD5-B10E-8888CAE58277}.Release|Any CPU.ActiveCfg = Release|Any CPU
		{10EE663A-B40D-4DD5-B10E-8888CAE58277}.Release|Any CPU.Build.0 = Release|Any CPU
		{049784D7-1789-4ADD-870C-60E52C76A3B9}.Debug|Any CPU.ActiveCfg = Debug|Any CPU
		{049784D7-1789-4ADD-870C-60E52C76A3B9}.Debug|Any CPU.Build.0 = Debug|Any CPU
		{049784D7-1789-4ADD-870C-60E52C76A3B9}.Release|Any CPU.ActiveCfg = Release|Any CPU
		{049784D7-1789-4ADD-870C-60E52C76A3B9}.Release|Any CPU.Build.0 = Release|Any CPU
		{4E16F85E-64D4-49E9-8C50-C03661E3AF47}.Debug|Any CPU.ActiveCfg = Debug|Any CPU
		{4E16F85E-64D4-49E9-8C50-C03661E3AF47}.Debug|Any CPU.Build.0 = Debug|Any CPU
		{4E16F85E-64D4-49E9-8C50-C03661E3AF47}.Release|Any CPU.ActiveCfg = Release|Any CPU
		{4E16F85E-64D4-49E9-8C50-C03661E3AF47}.Release|Any CPU.Build.0 = Release|Any CPU
		{F8BF2D76-8D0B-46A1-85BC-A3DF28518156}.Debug|Any CPU.ActiveCfg = Debug|Any CPU
		{F8BF2D76-8D0B-46A1-85BC-A3DF28518156}.Debug|Any CPU.Build.0 = Debug|Any CPU
		{F8BF2D76-8D0B-46A1-85BC-A3DF28518156}.Release|Any CPU.ActiveCfg = Release|Any CPU
		{F8BF2D76-8D0B-46A1-85BC-A3DF28518156}.Release|Any CPU.Build.0 = Release|Any CPU
		{253FE60A-C052-4DB2-B6C9-918AEF28D3F3}.Debug|Any CPU.ActiveCfg = Debug|Any CPU
		{253FE60A-C052-4DB2-B6C9-918AEF28D3F3}.Debug|Any CPU.Build.0 = Debug|Any CPU
		{253FE60A-C052-4DB2-B6C9-918AEF28D3F3}.Release|Any CPU.ActiveCfg = Release|Any CPU
		{253FE60A-C052-4DB2-B6C9-918AEF28D3F3}.Release|Any CPU.Build.0 = Release|Any CPU
	EndGlobalSection
	GlobalSection(SolutionProperties) = preSolution
		HideSolutionNode = FALSE
	EndGlobalSection
	GlobalSection(ExtensibilityGlobals) = postSolution
		SolutionGuid = {158F0198-FB52-4342-AA01-7E049DA92875}
	EndGlobalSection
EndGlobal
